# FastAPI 后端脚手架 - 依赖锁定文件
# 此文件包含所有已安装包的精确版本，用于生产环境部署
# 生成时间：2025-01-27
# Python 版本：3.9
#
# 使用方法：
#   pip install -r requirements.lock
#
# 注意：此文件包含所有依赖（包括开发依赖），生产环境建议只安装 requirements.txt

# 核心依赖
Mako==1.3.10
MarkupSafe==2.1.5
PyJWT==2.10.1
PyMySQL==1.1.2
PyYAML==6.0.3
SQLAlchemy==2.0.44
alembic==1.16.5
amqp==5.3.1
annotated-doc==0.0.3
annotated-types==0.7.0
anyio==4.11.0
billiard==4.2.4
celery==5.6.0
click-didyoumean==0.3.1
click-plugins==1.1.1.2
click-repl==0.3.0
click==8.1.8
exceptiongroup==1.3.0
fastapi==0.121.0
flower==2.0.1
h11==0.16.0
humanize==4.13.0
httptools==0.7.1
idna==3.10
kombu==5.6.1
prometheus-client==0.23.1
psycopg2-binary==2.9.11
pydantic-settings==2.11.0
pydantic==2.12.4
pydantic_core==2.41.5
python-dateutil==2.9.0.post0
python-dotenv==1.2.1
pytz==2025.2
redis==5.3.1
six==1.17.0
sniffio==1.3.1
starlette==0.49.3
tornado==6.5.3
typing-inspection==0.4.2
typing_extensions==4.15.0
tzdata==2025.2
tzlocal==5.3.1
uvicorn==0.38.0
uvloop==0.22.1
vine==5.1.0
watchfiles==1.1.1
wcwidth==0.2.14
websockets==12.0

# 开发依赖
black==23.12.1
certifi==2025.8.3
coverage==7.10.7
flake8==6.1.0
httpcore==1.0.9
httpx-sse==0.4.3
httpx==0.28.1
iniconfig==2.1.0
isort==5.13.2
librt==0.7.3
mccabe==0.7.0
mypy==1.19.0
mypy_extensions==1.1.0
packaging==25.0
pathspec==0.12.1
platformdirs==4.4.0
pluggy==1.6.0
prompt_toolkit==3.0.52
pycodestyle==2.11.1
pyflakes==3.1.0
pytest-asyncio==0.23.8
pytest-cov==4.1.0
pytest==7.4.4
